
Microsoft Visual Studio Solution File, Format Version 12.00
# Visual Studio 2013
VisualStudioVersion = 12.0.30723.0
MinimumVisualStudioVersion = 10.0.40219.1
Project("{FAE04EC0-301F-11D3-BF4B-00C04F79EFBC}") = "Gbmono.EF", "Gbmono.EF\Gbmono.EF.csproj", "{35B7E126-3D82-4E23-89D9-A23A14D008B2}"
EndProject
Project("{FAE04EC0-301F-11D3-BF4B-00C04F79EFBC}") = "Gbmono.Models", "Gbmono.Models\Gbmono.Models.csproj", "{25E50AF1-7433-42EE-A5FA-ED1F1AC8466A}"
EndProject
Project("{FAE04EC0-301F-11D3-BF4B-00C04F79EFBC}") = "Gbmono.Core", "Gbmono.Core\Gbmono.Core.csproj", "{44459D71-725B-4498-8B73-94BA85155E77}"
EndProject
Project("{FAE04EC0-301F-11D3-BF4B-00C04F79EFBC}") = "Gbmono.Common", "Gbmono.Common\Gbmono.Common.csproj", "{89556511-06A5-40B1-A0B6-1B25E830B297}"
EndProject
Project("{FAE04EC0-301F-11D3-BF4B-00C04F79EFBC}") = "Gbmono.IO", "Gbmono.IO\Gbmono.IO.csproj", "{9F0FE25D-E6E2-44DC-A7D7-EF187B6EF66C}"
EndProject
Global
	GlobalSection(SolutionConfigurationPlatforms) = preSolution
		Debug|Any CPU = Debug|Any CPU
		Release|Any CPU = Release|Any CPU
	EndGlobalSection
	GlobalSection(ProjectConfigurationPlatforms) = postSolution
		{35B7E126-3D82-4E23-89D9-A23A14D008B2}.Debug|Any CPU.ActiveCfg = Debug|Any CPU
		{35B7E126-3D82-4E23-89D9-A23A14D008B2}.Debug|Any CPU.Build.0 = Debug|Any CPU
		{35B7E126-3D82-4E23-89D9-A23A14D008B2}.Release|Any CPU.ActiveCfg = Release|Any CPU
		{35B7E126-3D82-4E23-89D9-A23A14D008B2}.Release|Any CPU.Build.0 = Release|Any CPU
		{25E50AF1-7433-42EE-A5FA-ED1F1AC8466A}.Debug|Any CPU.ActiveCfg = Debug|Any CPU
		{25E50AF1-7433-42EE-A5FA-ED1F1AC8466A}.Debug|Any CPU.Build.0 = Debug|Any CPU
		{25E50AF1-7433-42EE-A5FA-ED1F1AC8466A}.Release|Any CPU.ActiveCfg = Release|Any CPU
		{25E50AF1-7433-42EE-A5FA-ED1F1AC8466A}.Release|Any CPU.Build.0 = Release|Any CPU
		{44459D71-725B-4498-8B73-94BA85155E77}.Debug|Any CPU.ActiveCfg = Debug|Any CPU
		{44459D71-725B-4498-8B73-94BA85155E77}.Debug|Any CPU.Build.0 = Debug|Any CPU
		{44459D71-725B-4498-8B73-94BA85155E77}.Release|Any CPU.ActiveCfg = Release|Any CPU
		{44459D71-725B-4498-8B73-94BA85155E77}.Release|Any CPU.Build.0 = Release|Any CPU
		{89556511-06A5-40B1-A0B6-1B25E830B297}.Debug|Any CPU.ActiveCfg = Debug|Any CPU
		{89556511-06A5-40B1-A0B6-1B25E830B297}.Debug|Any CPU.Build.0 = Debug|Any CPU
		{89556511-06A5-40B1-A0B6-1B25E830B297}.Release|Any CPU.ActiveCfg = Release|Any CPU
		{89556511-06A5-40B1-A0B6-1B25E830B297}.Release|Any CPU.Build.0 = Release|Any CPU
		{9F0FE25D-E6E2-44DC-A7D7-EF187B6EF66C}.Debug|Any CPU.ActiveCfg = Debug|Any CPU
		{9F0FE25D-E6E2-44DC-A7D7-EF187B6EF66C}.Debug|Any CPU.Build.0 = Debug|Any CPU
		{9F0FE25D-E6E2-44DC-A7D7-EF187B6EF66C}.Release|Any CPU.ActiveCfg = Release|Any CPU
		{9F0FE25D-E6E2-44DC-A7D7-EF187B6EF66C}.Release|Any CPU.Build.0 = Release|Any CPU
	EndGlobalSection
	GlobalSection(SolutionProperties) = preSolution
		HideSolutionNode = FALSE
	EndGlobalSection
EndGlobal
